// !$*UTF8*$!
{
	archiveVersion = 1;
	classes = {
	};
	objectVersion = 56;
	objects = {

/* Begin PBXBuildFile section */
		6B04FE3D2A0443040027DF37 /* AppDelegate.swift in Sources */ = {isa = PBXBuildFile; fileRef = 6B04FE3C2A0443040027DF37 /* AppDelegate.swift */; };
		6B04FE3F2A0443040027DF37 /* SceneDelegate.swift in Sources */ = {isa = PBXBuildFile; fileRef = 6B04FE3E2A0443040027DF37 /* SceneDelegate.swift */; };
		6B04FE462A0443070027DF37 /* Assets.xcassets in Resources */ = {isa = PBXBuildFile; fileRef = 6B04FE452A0443070027DF37 /* Assets.xcassets */; };
		6B04FE492A0443070027DF37 /* LaunchScreen.storyboard in Resources */ = {isa = PBXBuildFile; fileRef = 6B04FE472A0443070027DF37 /* LaunchScreen.storyboard */; };
		6B04FE632A04437A0027DF37 /* DailyBeanDependencyGraph.swift in Sources */ = {isa = PBXBuildFile; fileRef = 6B04FE522A04437A0027DF37 /* DailyBeanDependencyGraph.swift */; };
		6B04FE642A04437A0027DF37 /* DailyBeanAssembly.swift in Sources */ = {isa = PBXBuildFile; fileRef = 6B04FE532A04437A0027DF37 /* DailyBeanAssembly.swift */; };
		6B04FE652A04437A0027DF37 /* DailyBeanFactoryProtocol.swift in Sources */ = {isa = PBXBuildFile; fileRef = 6B04FE552A04437A0027DF37 /* DailyBeanFactoryProtocol.swift */; };
		6B04FE662A04437A0027DF37 /* DailyBeanFactory.swift in Sources */ = {isa = PBXBuildFile; fileRef = 6B04FE562A04437A0027DF37 /* DailyBeanFactory.swift */; };
		6B04FE672A04437A0027DF37 /* CalendarViewController.swift in Sources */ = {isa = PBXBuildFile; fileRef = 6B04FE582A04437A0027DF37 /* CalendarViewController.swift */; };
		6B04FE682A04437A0027DF37 /* BeanButton.swift in Sources */ = {isa = PBXBuildFile; fileRef = 6B04FE5A2A04437A0027DF37 /* BeanButton.swift */; };
		6B04FE6A2A04437A0027DF37 /* TabBar.storyboard in Resources */ = {isa = PBXBuildFile; fileRef = 6B04FE5D2A04437A0027DF37 /* TabBar.storyboard */; };
		6B04FE6B2A04437A0027DF37 /* CustomTabBar.swift in Sources */ = {isa = PBXBuildFile; fileRef = 6B04FE5E2A04437A0027DF37 /* CustomTabBar.swift */; };
		6B04FE6C2A04437A0027DF37 /* TabBarController.swift in Sources */ = {isa = PBXBuildFile; fileRef = 6B04FE5F2A04437A0027DF37 /* TabBarController.swift */; };
		6B04FE6D2A04437A0027DF37 /* TimelineViewController.swift in Sources */ = {isa = PBXBuildFile; fileRef = 6B04FE612A04437A0027DF37 /* TimelineViewController.swift */; };
		6B04FE702A0443F40027DF37 /* Swinject in Frameworks */ = {isa = PBXBuildFile; productRef = 6B04FE6F2A0443F40027DF37 /* Swinject */; };
		6B04FE732A0444180027DF37 /* RxCocoa in Frameworks */ = {isa = PBXBuildFile; productRef = 6B04FE722A0444180027DF37 /* RxCocoa */; };
		6B04FE752A0444180027DF37 /* RxSwift in Frameworks */ = {isa = PBXBuildFile; productRef = 6B04FE742A0444180027DF37 /* RxSwift */; };
		6B04FE782A053A2C0027DF37 /* SwinjectStoryboard in Frameworks */ = {isa = PBXBuildFile; productRef = 6B04FE772A053A2C0027DF37 /* SwinjectStoryboard */; };
		6B04FE7A2A0547500027DF37 /* CalendarView.swift in Sources */ = {isa = PBXBuildFile; fileRef = 6B04FE792A0547500027DF37 /* CalendarView.swift */; };
		6B9C6B672A0B061D002A6E80 /* SelectBeanView.swift in Sources */ = {isa = PBXBuildFile; fileRef = 6B9C6B662A0B061D002A6E80 /* SelectBeanView.swift */; };
		6BC1F58A2A0BBC7300B70825 /* TabBarViewModel.swift in Sources */ = {isa = PBXBuildFile; fileRef = 6BC1F5892A0BBC7300B70825 /* TabBarViewModel.swift */; };
/* End PBXBuildFile section */

/* Begin PBXFileReference section */
		6B04FE392A0443040027DF37 /* DailyBeanApp.app */ = {isa = PBXFileReference; explicitFileType = wrapper.application; includeInIndex = 0; path = DailyBeanApp.app; sourceTree = BUILT_PRODUCTS_DIR; };
		6B04FE3C2A0443040027DF37 /* AppDelegate.swift */ = {isa = PBXFileReference; lastKnownFileType = sourcecode.swift; path = AppDelegate.swift; sourceTree = "<group>"; };
		6B04FE3E2A0443040027DF37 /* SceneDelegate.swift */ = {isa = PBXFileReference; lastKnownFileType = sourcecode.swift; path = SceneDelegate.swift; sourceTree = "<group>"; };
		6B04FE452A0443070027DF37 /* Assets.xcassets */ = {isa = PBXFileReference; lastKnownFileType = folder.assetcatalog; path = Assets.xcassets; sourceTree = "<group>"; };
		6B04FE482A0443070027DF37 /* Base */ = {isa = PBXFileReference; lastKnownFileType = file.storyboard; name = Base; path = Base.lproj/LaunchScreen.storyboard; sourceTree = "<group>"; };
		6B04FE4A2A0443070027DF37 /* Info.plist */ = {isa = PBXFileReference; lastKnownFileType = text.plist.xml; path = Info.plist; sourceTree = "<group>"; };
		6B04FE522A04437A0027DF37 /* DailyBeanDependencyGraph.swift */ = {isa = PBXFileReference; fileEncoding = 4; lastKnownFileType = sourcecode.swift; path = DailyBeanDependencyGraph.swift; sourceTree = "<group>"; };
		6B04FE532A04437A0027DF37 /* DailyBeanAssembly.swift */ = {isa = PBXFileReference; fileEncoding = 4; lastKnownFileType = sourcecode.swift; path = DailyBeanAssembly.swift; sourceTree = "<group>"; };
		6B04FE552A04437A0027DF37 /* DailyBeanFactoryProtocol.swift */ = {isa = PBXFileReference; fileEncoding = 4; lastKnownFileType = sourcecode.swift; path = DailyBeanFactoryProtocol.swift; sourceTree = "<group>"; };
		6B04FE562A04437A0027DF37 /* DailyBeanFactory.swift */ = {isa = PBXFileReference; fileEncoding = 4; lastKnownFileType = sourcecode.swift; path = DailyBeanFactory.swift; sourceTree = "<group>"; };
		6B04FE582A04437A0027DF37 /* CalendarViewController.swift */ = {isa = PBXFileReference; fileEncoding = 4; lastKnownFileType = sourcecode.swift; path = CalendarViewController.swift; sourceTree = "<group>"; };
		6B04FE5A2A04437A0027DF37 /* BeanButton.swift */ = {isa = PBXFileReference; fileEncoding = 4; lastKnownFileType = sourcecode.swift; path = BeanButton.swift; sourceTree = "<group>"; };
		6B04FE5D2A04437A0027DF37 /* TabBar.storyboard */ = {isa = PBXFileReference; fileEncoding = 4; lastKnownFileType = file.storyboard; path = TabBar.storyboard; sourceTree = "<group>"; };
		6B04FE5E2A04437A0027DF37 /* CustomTabBar.swift */ = {isa = PBXFileReference; fileEncoding = 4; lastKnownFileType = sourcecode.swift; path = CustomTabBar.swift; sourceTree = "<group>"; };
		6B04FE5F2A04437A0027DF37 /* TabBarController.swift */ = {isa = PBXFileReference; fileEncoding = 4; lastKnownFileType = sourcecode.swift; path = TabBarController.swift; sourceTree = "<group>"; };
		6B04FE612A04437A0027DF37 /* TimelineViewController.swift */ = {isa = PBXFileReference; fileEncoding = 4; lastKnownFileType = sourcecode.swift; path = TimelineViewController.swift; sourceTree = "<group>"; };
		6B04FE792A0547500027DF37 /* CalendarView.swift */ = {isa = PBXFileReference; lastKnownFileType = sourcecode.swift; path = CalendarView.swift; sourceTree = "<group>"; };
		6B9C6B662A0B061D002A6E80 /* SelectBeanView.swift */ = {isa = PBXFileReference; lastKnownFileType = sourcecode.swift; path = SelectBeanView.swift; sourceTree = "<group>"; };
		6BC1F5892A0BBC7300B70825 /* TabBarViewModel.swift */ = {isa = PBXFileReference; lastKnownFileType = sourcecode.swift; path = TabBarViewModel.swift; sourceTree = "<group>"; };
/* End PBXFileReference section */

/* Begin PBXFrameworksBuildPhase section */
		6B04FE362A0443040027DF37 /* Frameworks */ = {
			isa = PBXFrameworksBuildPhase;
			buildActionMask = 2147483647;
			files = (
				6B04FE752A0444180027DF37 /* RxSwift in Frameworks */,
				6B04FE732A0444180027DF37 /* RxCocoa in Frameworks */,
				6B04FE782A053A2C0027DF37 /* SwinjectStoryboard in Frameworks */,
				6B04FE702A0443F40027DF37 /* Swinject in Frameworks */,
			);
			runOnlyForDeploymentPostprocessing = 0;
		};
/* End PBXFrameworksBuildPhase section */

/* Begin PBXGroup section */
		6B04FE302A0443040027DF37 = {
			isa = PBXGroup;
			children = (
				6B04FE3B2A0443040027DF37 /* DailyBeanApp */,
				6B04FE3A2A0443040027DF37 /* Products */,
			);
			sourceTree = "<group>";
		};
		6B04FE3A2A0443040027DF37 /* Products */ = {
			isa = PBXGroup;
			children = (
				6B04FE392A0443040027DF37 /* DailyBeanApp.app */,
			);
			name = Products;
			sourceTree = "<group>";
		};
		6B04FE3B2A0443040027DF37 /* DailyBeanApp */ = {
			isa = PBXGroup;
			children = (
				6B04FE572A04437A0027DF37 /* Calendar */,
				6B04FE592A04437A0027DF37 /* Components */,
				6B04FE502A04437A0027DF37 /* DependencyInjection */,
				6B04FE542A04437A0027DF37 /* Factory */,
				6B04FE5C2A04437A0027DF37 /* TabBarController */,
				6B04FE602A04437A0027DF37 /* Timeline */,
				6B04FE3C2A0443040027DF37 /* AppDelegate.swift */,
				6B04FE3E2A0443040027DF37 /* SceneDelegate.swift */,
				6B04FE452A0443070027DF37 /* Assets.xcassets */,
				6B04FE472A0443070027DF37 /* LaunchScreen.storyboard */,
				6B04FE4A2A0443070027DF37 /* Info.plist */,
			);
			path = DailyBeanApp;
			sourceTree = "<group>";
		};
		6B04FE502A04437A0027DF37 /* DependencyInjection */ = {
			isa = PBXGroup;
			children = (
				6B04FE522A04437A0027DF37 /* DailyBeanDependencyGraph.swift */,
				6B04FE532A04437A0027DF37 /* DailyBeanAssembly.swift */,
			);
			path = DependencyInjection;
			sourceTree = "<group>";
		};
		6B04FE542A04437A0027DF37 /* Factory */ = {
			isa = PBXGroup;
			children = (
				6B04FE552A04437A0027DF37 /* DailyBeanFactoryProtocol.swift */,
				6B04FE562A04437A0027DF37 /* DailyBeanFactory.swift */,
			);
			path = Factory;
			sourceTree = "<group>";
		};
		6B04FE572A04437A0027DF37 /* Calendar */ = {
			isa = PBXGroup;
			children = (
				6B04FE582A04437A0027DF37 /* CalendarViewController.swift */,
				6B04FE792A0547500027DF37 /* CalendarView.swift */,
			);
			path = Calendar;
			sourceTree = "<group>";
		};
		6B04FE592A04437A0027DF37 /* Components */ = {
			isa = PBXGroup;
			children = (
				6B04FE5A2A04437A0027DF37 /* BeanButton.swift */,
				6B9C6B662A0B061D002A6E80 /* SelectBeanView.swift */,
			);
			path = Components;
			sourceTree = "<group>";
		};
		6B04FE5C2A04437A0027DF37 /* TabBarController */ = {
			isa = PBXGroup;
			children = (
				6B04FE5D2A04437A0027DF37 /* TabBar.storyboard */,
				6B04FE5E2A04437A0027DF37 /* CustomTabBar.swift */,
				6B04FE5F2A04437A0027DF37 /* TabBarController.swift */,
				6BC1F5892A0BBC7300B70825 /* TabBarViewModel.swift */,
			);
			path = TabBarController;
			sourceTree = "<group>";
		};
		6B04FE602A04437A0027DF37 /* Timeline */ = {
			isa = PBXGroup;
			children = (
				6B04FE612A04437A0027DF37 /* TimelineViewController.swift */,
			);
			path = Timeline;
			sourceTree = "<group>";
		};
/* End PBXGroup section */

/* Begin PBXNativeTarget section */
		6B04FE382A0443040027DF37 /* DailyBeanApp */ = {
			isa = PBXNativeTarget;
			buildConfigurationList = 6B04FE4D2A0443070027DF37 /* Build configuration list for PBXNativeTarget "DailyBeanApp" */;
			buildPhases = (
				6B04FE352A0443040027DF37 /* Sources */,
				6B04FE362A0443040027DF37 /* Frameworks */,
				6B04FE372A0443040027DF37 /* Resources */,
			);
			buildRules = (
			);
			dependencies = (
			);
			name = DailyBeanApp;
			packageProductDependencies = (
				6B04FE6F2A0443F40027DF37 /* Swinject */,
				6B04FE722A0444180027DF37 /* RxCocoa */,
				6B04FE742A0444180027DF37 /* RxSwift */,
				6B04FE772A053A2C0027DF37 /* SwinjectStoryboard */,
			);
			productName = DailyBeanApp;
			productReference = 6B04FE392A0443040027DF37 /* DailyBeanApp.app */;
			productType = "com.apple.product-type.application";
		};
/* End PBXNativeTarget section */

/* Begin PBXProject section */
		6B04FE312A0443040027DF37 /* Project object */ = {
			isa = PBXProject;
			attributes = {
				BuildIndependentTargetsInParallel = 1;
				LastSwiftUpdateCheck = 1420;
				LastUpgradeCheck = 1420;
				TargetAttributes = {
					6B04FE382A0443040027DF37 = {
						CreatedOnToolsVersion = 14.2;
					};
				};
			};
			buildConfigurationList = 6B04FE342A0443040027DF37 /* Build configuration list for PBXProject "DailyBeanApp" */;
			compatibilityVersion = "Xcode 14.0";
			developmentRegion = en;
			hasScannedForEncodings = 0;
			knownRegions = (
				en,
				Base,
			);
			mainGroup = 6B04FE302A0443040027DF37;
			packageReferences = (
				6B04FE6E2A0443F40027DF37 /* XCRemoteSwiftPackageReference "Swinject" */,
				6B04FE712A0444180027DF37 /* XCRemoteSwiftPackageReference "RxSwift" */,
				6B04FE762A053A2C0027DF37 /* XCRemoteSwiftPackageReference "SwinjectStoryboard" */,
			);
			productRefGroup = 6B04FE3A2A0443040027DF37 /* Products */;
			projectDirPath = "";
			projectRoot = "";
			targets = (
				6B04FE382A0443040027DF37 /* DailyBeanApp */,
			);
		};
/* End PBXProject section */

/* Begin PBXResourcesBuildPhase section */
		6B04FE372A0443040027DF37 /* Resources */ = {
			isa = PBXResourcesBuildPhase;
			buildActionMask = 2147483647;
			files = (
				6B04FE6A2A04437A0027DF37 /* TabBar.storyboard in Resources */,
				6B04FE492A0443070027DF37 /* LaunchScreen.storyboard in Resources */,
				6B04FE462A0443070027DF37 /* Assets.xcassets in Resources */,
			);
			runOnlyForDeploymentPostprocessing = 0;
		};
/* End PBXResourcesBuildPhase section */

/* Begin PBXSourcesBuildPhase section */
		6B04FE352A0443040027DF37 /* Sources */ = {
			isa = PBXSourcesBuildPhase;
			buildActionMask = 2147483647;
			files = (
				6B04FE652A04437A0027DF37 /* DailyBeanFactoryProtocol.swift in Sources */,
				6B04FE682A04437A0027DF37 /* BeanButton.swift in Sources */,
				6B04FE7A2A0547500027DF37 /* CalendarView.swift in Sources */,
				6B04FE6B2A04437A0027DF37 /* CustomTabBar.swift in Sources */,
				6B04FE662A04437A0027DF37 /* DailyBeanFactory.swift in Sources */,
				6B04FE632A04437A0027DF37 /* DailyBeanDependencyGraph.swift in Sources */,
				6B04FE3D2A0443040027DF37 /* AppDelegate.swift in Sources */,
				6B9C6B672A0B061D002A6E80 /* SelectBeanView.swift in Sources */,
				6B04FE672A04437A0027DF37 /* CalendarViewController.swift in Sources */,
				6B04FE6D2A04437A0027DF37 /* TimelineViewController.swift in Sources */,
				6B04FE6C2A04437A0027DF37 /* TabBarController.swift in Sources */,
				6B04FE3F2A0443040027DF37 /* SceneDelegate.swift in Sources */,
				6BC1F58A2A0BBC7300B70825 /* TabBarViewModel.swift in Sources */,
				6B04FE642A04437A0027DF37 /* DailyBeanAssembly.swift in Sources */,
			);
			runOnlyForDeploymentPostprocessing = 0;
		};
/* End PBXSourcesBuildPhase section */

/* Begin PBXVariantGroup section */
		6B04FE472A0443070027DF37 /* LaunchScreen.storyboard */ = {
			isa = PBXVariantGroup;
			children = (
				6B04FE482A0443070027DF37 /* Base */,
			);
			name = LaunchScreen.storyboard;
			sourceTree = "<group>";
		};
/* End PBXVariantGroup section */

/* Begin XCBuildConfiguration section */
		6B04FE4B2A0443070027DF37 /* Debug */ = {
			isa = XCBuildConfiguration;
			buildSettings = {
				ALWAYS_SEARCH_USER_PATHS = NO;
				CLANG_ANALYZER_NONNULL = YES;
				CLANG_ANALYZER_NUMBER_OBJECT_CONVERSION = YES_AGGRESSIVE;
				CLANG_CXX_LANGUAGE_STANDARD = "gnu++20";
				CLANG_ENABLE_MODULES = YES;
				CLANG_ENABLE_OBJC_ARC = YES;
				CLANG_ENABLE_OBJC_WEAK = YES;
				CLANG_WARN_BLOCK_CAPTURE_AUTORELEASING = YES;
				CLANG_WARN_BOOL_CONVERSION = YES;
				CLANG_WARN_COMMA = YES;
				CLANG_WARN_CONSTANT_CONVERSION = YES;
				CLANG_WARN_DEPRECATED_OBJC_IMPLEMENTATIONS = YES;
				CLANG_WARN_DIRECT_OBJC_ISA_USAGE = YES_ERROR;
				CLANG_WARN_DOCUMENTATION_COMMENTS = YES;
				CLANG_WARN_EMPTY_BODY = YES;
				CLANG_WARN_ENUM_CONVERSION = YES;
				CLANG_WARN_INFINITE_RECURSION = YES;
				CLANG_WARN_INT_CONVERSION = YES;
				CLANG_WARN_NON_LITERAL_NULL_CONVERSION = YES;
				CLANG_WARN_OBJC_IMPLICIT_RETAIN_SELF = YES;
				CLANG_WARN_OBJC_LITERAL_CONVERSION = YES;
				CLANG_WARN_OBJC_ROOT_CLASS = YES_ERROR;
				CLANG_WARN_QUOTED_INCLUDE_IN_FRAMEWORK_HEADER = YES;
				CLANG_WARN_RANGE_LOOP_ANALYSIS = YES;
				CLANG_WARN_STRICT_PROTOTYPES = YES;
				CLANG_WARN_SUSPICIOUS_MOVE = YES;
				CLANG_WARN_UNGUARDED_AVAILABILITY = YES_AGGRESSIVE;
				CLANG_WARN_UNREACHABLE_CODE = YES;
				CLANG_WARN__DUPLICATE_METHOD_MATCH = YES;
				COPY_PHASE_STRIP = NO;
				DEBUG_INFORMATION_FORMAT = dwarf;
				ENABLE_STRICT_OBJC_MSGSEND = YES;
				ENABLE_TESTABILITY = YES;
				GCC_C_LANGUAGE_STANDARD = gnu11;
				GCC_DYNAMIC_NO_PIC = NO;
				GCC_NO_COMMON_BLOCKS = YES;
				GCC_OPTIMIZATION_LEVEL = 0;
				GCC_PREPROCESSOR_DEFINITIONS = (
					"DEBUG=1",
					"$(inherited)",
				);
				GCC_WARN_64_TO_32_BIT_CONVERSION = YES;
				GCC_WARN_ABOUT_RETURN_TYPE = YES_ERROR;
				GCC_WARN_UNDECLARED_SELECTOR = YES;
				GCC_WARN_UNINITIALIZED_AUTOS = YES_AGGRESSIVE;
				GCC_WARN_UNUSED_FUNCTION = YES;
				GCC_WARN_UNUSED_VARIABLE = YES;
				IPHONEOS_DEPLOYMENT_TARGET = 16.2;
				MTL_ENABLE_DEBUG_INFO = INCLUDE_SOURCE;
				MTL_FAST_MATH = YES;
				ONLY_ACTIVE_ARCH = YES;
				SDKROOT = iphoneos;
				SWIFT_ACTIVE_COMPILATION_CONDITIONS = DEBUG;
				SWIFT_OPTIMIZATION_LEVEL = "-Onone";
			};
			name = Debug;
		};
		6B04FE4C2A0443070027DF37 /* Release */ = {
			isa = XCBuildConfiguration;
			buildSettings = {
				ALWAYS_SEARCH_USER_PATHS = NO;
				CLANG_ANALYZER_NONNULL = YES;
				CLANG_ANALYZER_NUMBER_OBJECT_CONVERSION = YES_AGGRESSIVE;
				CLANG_CXX_LANGUAGE_STANDARD = "gnu++20";
				CLANG_ENABLE_MODULES = YES;
				CLANG_ENABLE_OBJC_ARC = YES;
				CLANG_ENABLE_OBJC_WEAK = YES;
				CLANG_WARN_BLOCK_CAPTURE_AUTORELEASING = YES;
				CLANG_WARN_BOOL_CONVERSION = YES;
				CLANG_WARN_COMMA = YES;
				CLANG_WARN_CONSTANT_CONVERSION = YES;
				CLANG_WARN_DEPRECATED_OBJC_IMPLEMENTATIONS = YES;
				CLANG_WARN_DIRECT_OBJC_ISA_USAGE = YES_ERROR;
				CLANG_WARN_DOCUMENTATION_COMMENTS = YES;
				CLANG_WARN_EMPTY_BODY = YES;
				CLANG_WARN_ENUM_CONVERSION = YES;
				CLANG_WARN_INFINITE_RECURSION = YES;
				CLANG_WARN_INT_CONVERSION = YES;
				CLANG_WARN_NON_LITERAL_NULL_CONVERSION = YES;
				CLANG_WARN_OBJC_IMPLICIT_RETAIN_SELF = YES;
				CLANG_WARN_OBJC_LITERAL_CONVERSION = YES;
				CLANG_WARN_OBJC_ROOT_CLASS = YES_ERROR;
				CLANG_WARN_QUOTED_INCLUDE_IN_FRAMEWORK_HEADER = YES;
				CLANG_WARN_RANGE_LOOP_ANALYSIS = YES;
				CLANG_WARN_STRICT_PROTOTYPES = YES;
				CLANG_WARN_SUSPICIOUS_MOVE = YES;
				CLANG_WARN_UNGUARDED_AVAILABILITY = YES_AGGRESSIVE;
				CLANG_WARN_UNREACHABLE_CODE = YES;
				CLANG_WARN__DUPLICATE_METHOD_MATCH = YES;
				COPY_PHASE_STRIP = NO;
				DEBUG_INFORMATION_FORMAT = "dwarf-with-dsym";
				ENABLE_NS_ASSERTIONS = NO;
				ENABLE_STRICT_OBJC_MSGSEND = YES;
				GCC_C_LANGUAGE_STANDARD = gnu11;
				GCC_NO_COMMON_BLOCKS = YES;
				GCC_WARN_64_TO_32_BIT_CONVERSION = YES;
				GCC_WARN_ABOUT_RETURN_TYPE = YES_ERROR;
				GCC_WARN_UNDECLARED_SELECTOR = YES;
				GCC_WARN_UNINITIALIZED_AUTOS = YES_AGGRESSIVE;
				GCC_WARN_UNUSED_FUNCTION = YES;
				GCC_WARN_UNUSED_VARIABLE = YES;
				IPHONEOS_DEPLOYMENT_TARGET = 16.2;
				MTL_ENABLE_DEBUG_INFO = NO;
				MTL_FAST_MATH = YES;
				SDKROOT = iphoneos;
				SWIFT_COMPILATION_MODE = wholemodule;
				SWIFT_OPTIMIZATION_LEVEL = "-O";
				VALIDATE_PRODUCT = YES;
			};
			name = Release;
		};
		6B04FE4E2A0443070027DF37 /* Debug */ = {
			isa = XCBuildConfiguration;
			buildSettings = {
				ASSETCATALOG_COMPILER_APPICON_NAME = AppIcon;
				ASSETCATALOG_COMPILER_GLOBAL_ACCENT_COLOR_NAME = AccentColor;
				CODE_SIGN_STYLE = Automatic;
				CURRENT_PROJECT_VERSION = 1;
				DEVELOPMENT_TEAM = DHZ8T8PDJ7;
				GENERATE_INFOPLIST_FILE = YES;
				INFOPLIST_FILE = DailyBeanApp/Info.plist;
				INFOPLIST_KEY_UIApplicationSupportsIndirectInputEvents = YES;
				INFOPLIST_KEY_UILaunchStoryboardName = LaunchScreen;
				INFOPLIST_KEY_UISupportedInterfaceOrientations_iPad = "UIInterfaceOrientationPortrait UIInterfaceOrientationPortraitUpsideDown UIInterfaceOrientationLandscapeLeft UIInterfaceOrientationLandscapeRight";
				INFOPLIST_KEY_UISupportedInterfaceOrientations_iPhone = "UIInterfaceOrientationPortrait UIInterfaceOrientationLandscapeLeft UIInterfaceOrientationLandscapeRight";
				LD_RUNPATH_SEARCH_PATHS = (
					"$(inherited)",
					"@executable_path/Frameworks",
				);
				MARKETING_VERSION = 1.0;
				PRODUCT_BUNDLE_IDENTIFIER = lidiane.barbosa.DailyBeanApp;
				PRODUCT_NAME = "$(TARGET_NAME)";
				SWIFT_EMIT_LOC_STRINGS = YES;
				SWIFT_VERSION = 5.0;
				TARGETED_DEVICE_FAMILY = "1,2";
			};
			name = Debug;
		};
		6B04FE4F2A0443070027DF37 /* Release */ = {
			isa = XCBuildConfiguration;
			buildSettings = {
				ASSETCATALOG_COMPILER_APPICON_NAME = AppIcon;
				ASSETCATALOG_COMPILER_GLOBAL_ACCENT_COLOR_NAME = AccentColor;
				CODE_SIGN_STYLE = Automatic;
				CURRENT_PROJECT_VERSION = 1;
				DEVELOPMENT_TEAM = DHZ8T8PDJ7;
				GENERATE_INFOPLIST_FILE = YES;
				INFOPLIST_FILE = DailyBeanApp/Info.plist;
				INFOPLIST_KEY_UIApplicationSupportsIndirectInputEvents = YES;
				INFOPLIST_KEY_UILaunchStoryboardName = LaunchScreen;
				INFOPLIST_KEY_UISupportedInterfaceOrientations_iPad = "UIInterfaceOrientationPortrait UIInterfaceOrientationPortraitUpsideDown UIInterfaceOrientationLandscapeLeft UIInterfaceOrientationLandscapeRight";
				INFOPLIST_KEY_UISupportedInterfaceOrientations_iPhone = "UIInterfaceOrientationPortrait UIInterfaceOrientationLandscapeLeft UIInterfaceOrientationLandscapeRight";
				LD_RUNPATH_SEARCH_PATHS = (
					"$(inherited)",
					"@executable_path/Frameworks",
				);
				MARKETING_VERSION = 1.0;
				PRODUCT_BUNDLE_IDENTIFIER = lidiane.barbosa.DailyBeanApp;
				PRODUCT_NAME = "$(TARGET_NAME)";
				SWIFT_EMIT_LOC_STRINGS = YES;
				SWIFT_VERSION = 5.0;
				TARGETED_DEVICE_FAMILY = "1,2";
			};
			name = Release;
		};
/* End XCBuildConfiguration section */

/* Begin XCConfigurationList section */
		6B04FE342A0443040027DF37 /* Build configuration list for PBXProject "DailyBeanApp" */ = {
			isa = XCConfigurationList;
			buildConfigurations = (
				6B04FE4B2A0443070027DF37 /* Debug */,
				6B04FE4C2A0443070027DF37 /* Release */,
			);
			defaultConfigurationIsVisible = 0;
			defaultConfigurationName = Release;
		};
		6B04FE4D2A0443070027DF37 /* Build configuration list for PBXNativeTarget "DailyBeanApp" */ = {
			isa = XCConfigurationList;
			buildConfigurations = (
				6B04FE4E2A0443070027DF37 /* Debug */,
				6B04FE4F2A0443070027DF37 /* Release */,
			);
			defaultConfigurationIsVisible = 0;
			defaultConfigurationName = Release;
		};
/* End XCConfigurationList section */

/* Begin XCRemoteSwiftPackageReference section */
		6B04FE6E2A0443F40027DF37 /* XCRemoteSwiftPackageReference "Swinject" */ = {
			isa = XCRemoteSwiftPackageReference;
			repositoryURL = "https://github.com/Swinject/Swinject.git";
			requirement = {
				kind = upToNextMajorVersion;
				minimumVersion = 2.0.0;
			};
		};
		6B04FE712A0444180027DF37 /* XCRemoteSwiftPackageReference "RxSwift" */ = {
			isa = XCRemoteSwiftPackageReference;
			repositoryURL = "https://github.com/ReactiveX/RxSwift.git";
			requirement = {
				branch = main;
				kind = branch;
			};
		};
		6B04FE762A053A2C0027DF37 /* XCRemoteSwiftPackageReference "SwinjectStoryboard" */ = {
			isa = XCRemoteSwiftPackageReference;
			repositoryURL = "https://github.com/Swinject/SwinjectStoryboard.git";
			requirement = {
				kind = upToNextMajorVersion;
				minimumVersion = 2.0.0;
			};
		};
/* End XCRemoteSwiftPackageReference section */

/* Begin XCSwiftPackageProductDependency section */
		6B04FE6F2A0443F40027DF37 /* Swinject */ = {
			isa = XCSwiftPackageProductDependency;
			package = 6B04FE6E2A0443F40027DF37 /* XCRemoteSwiftPackageReference "Swinject" */;
			productName = Swinject;
		};
		6B04FE722A0444180027DF37 /* RxCocoa */ = {
			isa = XCSwiftPackageProductDependency;
			package = 6B04FE712A0444180027DF37 /* XCRemoteSwiftPackageReference "RxSwift" */;
			productName = RxCocoa;
		};
		6B04FE742A0444180027DF37 /* RxSwift */ = {
			isa = XCSwiftPackageProductDependency;
			package = 6B04FE712A0444180027DF37 /* XCRemoteSwiftPackageReference "RxSwift" */;
			productName = RxSwift;
		};
		6B04FE772A053A2C0027DF37 /* SwinjectStoryboard */ = {
			isa = XCSwiftPackageProductDependency;
			package = 6B04FE762A053A2C0027DF37 /* XCRemoteSwiftPackageReference "SwinjectStoryboard" */;
			productName = SwinjectStoryboard;
		};
/* End XCSwiftPackageProductDependency section */
	};
	rootObject = 6B04FE312A0443040027DF37 /* Project object */;
}
